
Microsoft Visual Studio Solution File, Format Version 12.00
# Visual Studio Version 16
VisualStudioVersion = 16.0.29209.62
MinimumVisualStudioVersion = 10.0.40219.1
Project("{FAE04EC0-301F-11D3-BF4B-00C04F79EFBC}") = "SlotGame", "SlotGame\SlotGame.csproj", "{01F55DBA-D0F9-462F-95FC-96F185DA13A9}"
EndProject
Global
	GlobalSection(SolutionConfigurationPlatforms) = preSolution
		Debug|Any CPU = Debug|Any CPU
		Release|Any CPU = Release|Any CPU
	EndGlobalSection
	GlobalSection(ProjectConfigurationPlatforms) = postSolution
		{01F55DBA-D0F9-462F-95FC-96F185DA13A9}.Debug|Any CPU.ActiveCfg = Debug|Any CPU
		{01F55DBA-D0F9-462F-95FC-96F185DA13A9}.Debug|Any CPU.Build.0 = Debug|Any CPU
		{01F55DBA-D0F9-462F-95FC-96F185DA13A9}.Release|Any CPU.ActiveCfg = Release|Any CPU
		{01F55DBA-D0F9-462F-95FC-96F185DA13A9}.Release|Any CPU.Build.0 = Release|Any CPU
	EndGlobalSection
	GlobalSection(SolutionProperties) = preSolution
		HideSolutionNode = FALSE
	EndGlobalSection
	GlobalSection(ExtensibilityGlobals) = postSolution
		SolutionGuid = {C82E47D8-8E04-4B7B-8178-20CE6A43D9BC}
	EndGlobalSection
EndGlobal
